
Microsoft Visual Studio Solution File, Format Version 12.00
# Visual Studio Version 17
VisualStudioVersion = 17.2.32526.322
MinimumVisualStudioVersion = 10.0.40219.1
Project("{FAE04EC0-301F-11D3-BF4B-00C04F79EFBC}") = "NZWalks.API", "NZWalks.API\NZWalks.API.csproj", "{3445536C-8630-4DE1-AB04-928E90B528E5}"
EndProject
Global
	GlobalSection(SolutionConfigurationPlatforms) = preSolution
		Debug|Any CPU = Debug|Any CPU
		Release|Any CPU = Release|Any CPU
	EndGlobalSection
	GlobalSection(ProjectConfigurationPlatforms) = postSolution
		{3445536C-8630-4DE1-AB04-928E90B528E5}.Debug|Any CPU.ActiveCfg = Debug|Any CPU
		{3445536C-8630-4DE1-AB04-928E90B528E5}.Debug|Any CPU.Build.0 = Debug|Any CPU
		{3445536C-8630-4DE1-AB04-928E90B528E5}.Release|Any CPU.ActiveCfg = Release|Any CPU
		{3445536C-8630-4DE1-AB04-928E90B528E5}.Release|Any CPU.Build.0 = Release|Any CPU
	EndGlobalSection
	GlobalSection(SolutionProperties) = preSolution
		HideSolutionNode = FALSE
	EndGlobalSection
	GlobalSection(ExtensibilityGlobals) = postSolution
		SolutionGuid = {C88B881E-A221-47CF-B82C-1DBE5DDA7630}
	EndGlobalSection
EndGlobal
